// !$*UTF8*$!
{
	archiveVersion = 1;
	classes = {
	};
	objectVersion = 46;
	objects = {

/* Begin PBXBuildFile section */
		4F65F48C14F7337800CBEDE3 /* UIKit.framework in Frameworks */ = {isa = PBXBuildFile; fileRef = 4F65F48B14F7337800CBEDE3 /* UIKit.framework */; };
		4F65F48E14F7337800CBEDE3 /* Foundation.framework in Frameworks */ = {isa = PBXBuildFile; fileRef = 4F65F48D14F7337800CBEDE3 /* Foundation.framework */; };
		4F65F49014F7337800CBEDE3 /* CoreGraphics.framework in Frameworks */ = {isa = PBXBuildFile; fileRef = 4F65F48F14F7337800CBEDE3 /* CoreGraphics.framework */; };
		4F65F49614F7337800CBEDE3 /* InfoPlist.strings in Resources */ = {isa = PBXBuildFile; fileRef = 4F65F49414F7337800CBEDE3 /* InfoPlist.strings */; };
		4F65F49814F7337800CBEDE3 /* main.m in Sources */ = {isa = PBXBuildFile; fileRef = 4F65F49714F7337800CBEDE3 /* main.m */; };
		4F65F49C14F7337800CBEDE3 /* OCAppDelegate.m in Sources */ = {isa = PBXBuildFile; fileRef = 4F65F49B14F7337800CBEDE3 /* OCAppDelegate.m */; };
		4F65F49F14F7337800CBEDE3 /* OCViewController.m in Sources */ = {isa = PBXBuildFile; fileRef = 4F65F49E14F7337800CBEDE3 /* OCViewController.m */; };
		4F65F4A214F7337800CBEDE3 /* OCViewController.xib in Resources */ = {isa = PBXBuildFile; fileRef = 4F65F4A014F7337800CBEDE3 /* OCViewController.xib */; };
		4F65F4B314F733C400CBEDE3 /* OCActionSheet.m in Sources */ = {isa = PBXBuildFile; fileRef = 4F65F4AE14F733C400CBEDE3 /* OCActionSheet.m */; };
		4F65F4B414F733C400CBEDE3 /* OCAlertView.m in Sources */ = {isa = PBXBuildFile; fileRef = 4F65F4B014F733C400CBEDE3 /* OCAlertView.m */; };
		4F65F4B514F733C400CBEDE3 /* OCBarButtonItem.m in Sources */ = {isa = PBXBuildFile; fileRef = 4F65F4B214F733C400CBEDE3 /* OCBarButtonItem.m */; };
/* End PBXBuildFile section */

/* Begin PBXFileReference section */
		4F65F48714F7337800CBEDE3 /* UIKit-Blocks.app */ = {isa = PBXFileReference; explicitFileType = wrapper.application; includeInIndex = 0; path = "UIKit-Blocks.app"; sourceTree = BUILT_PRODUCTS_DIR; };
		4F65F48B14F7337800CBEDE3 /* UIKit.framework */ = {isa = PBXFileReference; lastKnownFileType = wrapper.framework; name = UIKit.framework; path = System/Library/Frameworks/UIKit.framework; sourceTree = SDKROOT; };
		4F65F48D14F7337800CBEDE3 /* Foundation.framework */ = {isa = PBXFileReference; lastKnownFileType = wrapper.framework; name = Foundation.framework; path = System/Library/Frameworks/Foundation.framework; sourceTree = SDKROOT; };
		4F65F48F14F7337800CBEDE3 /* CoreGraphics.framework */ = {isa = PBXFileReference; lastKnownFileType = wrapper.framework; name = CoreGraphics.framework; path = System/Library/Frameworks/CoreGraphics.framework; sourceTree = SDKROOT; };
		4F65F49314F7337800CBEDE3 /* UIKit-Blocks-Info.plist */ = {isa = PBXFileReference; lastKnownFileType = text.plist.xml; path = "UIKit-Blocks-Info.plist"; sourceTree = "<group>"; };
		4F65F49514F7337800CBEDE3 /* en */ = {isa = PBXFileReference; lastKnownFileType = text.plist.strings; name = en; path = en.lproj/InfoPlist.strings; sourceTree = "<group>"; };
		4F65F49714F7337800CBEDE3 /* main.m */ = {isa = PBXFileReference; lastKnownFileType = sourcecode.c.objc; path = main.m; sourceTree = "<group>"; };
		4F65F49914F7337800CBEDE3 /* UIKit-Blocks-Prefix.pch */ = {isa = PBXFileReference; lastKnownFileType = sourcecode.c.h; path = "UIKit-Blocks-Prefix.pch"; sourceTree = "<group>"; };
		4F65F49A14F7337800CBEDE3 /* OCAppDelegate.h */ = {isa = PBXFileReference; lastKnownFileType = sourcecode.c.h; path = OCAppDelegate.h; sourceTree = "<group>"; };
		4F65F49B14F7337800CBEDE3 /* OCAppDelegate.m */ = {isa = PBXFileReference; lastKnownFileType = sourcecode.c.objc; path = OCAppDelegate.m; sourceTree = "<group>"; };
		4F65F49D14F7337800CBEDE3 /* OCViewController.h */ = {isa = PBXFileReference; lastKnownFileType = sourcecode.c.h; path = OCViewController.h; sourceTree = "<group>"; };
		4F65F49E14F7337800CBEDE3 /* OCViewController.m */ = {isa = PBXFileReference; lastKnownFileType = sourcecode.c.objc; path = OCViewController.m; sourceTree = "<group>"; };
		4F65F4A114F7337800CBEDE3 /* en */ = {isa = PBXFileReference; lastKnownFileType = file.xib; name = en; path = en.lproj/OCViewController.xib; sourceTree = "<group>"; };
		4F65F4AD14F733C400CBEDE3 /* OCActionSheet.h */ = {isa = PBXFileReference; fileEncoding = 4; lastKnownFileType = sourcecode.c.h; path = OCActionSheet.h; sourceTree = "<group>"; };
		4F65F4AE14F733C400CBEDE3 /* OCActionSheet.m */ = {isa = PBXFileReference; fileEncoding = 4; lastKnownFileType = sourcecode.c.objc; path = OCActionSheet.m; sourceTree = "<group>"; };
		4F65F4AF14F733C400CBEDE3 /* OCAlertView.h */ = {isa = PBXFileReference; fileEncoding = 4; lastKnownFileType = sourcecode.c.h; path = OCAlertView.h; sourceTree = "<group>"; };
		4F65F4B014F733C400CBEDE3 /* OCAlertView.m */ = {isa = PBXFileReference; fileEncoding = 4; lastKnownFileType = sourcecode.c.objc; path = OCAlertView.m; sourceTree = "<group>"; };
		4F65F4B114F733C400CBEDE3 /* OCBarButtonItem.h */ = {isa = PBXFileReference; fileEncoding = 4; lastKnownFileType = sourcecode.c.h; path = OCBarButtonItem.h; sourceTree = "<group>"; };
		4F65F4B214F733C400CBEDE3 /* OCBarButtonItem.m */ = {isa = PBXFileReference; fileEncoding = 4; lastKnownFileType = sourcecode.c.objc; path = OCBarButtonItem.m; sourceTree = "<group>"; };
/* End PBXFileReference section */

/* Begin PBXFrameworksBuildPhase section */
		4F65F48414F7337800CBEDE3 /* Frameworks */ = {
			isa = PBXFrameworksBuildPhase;
			buildActionMask = 2147483647;
			files = (
				4F65F48C14F7337800CBEDE3 /* UIKit.framework in Frameworks */,
				4F65F48E14F7337800CBEDE3 /* Foundation.framework in Frameworks */,
				4F65F49014F7337800CBEDE3 /* CoreGraphics.framework in Frameworks */,
			);
			runOnlyForDeploymentPostprocessing = 0;
		};
/* End PBXFrameworksBuildPhase section */

/* Begin PBXGroup section */
		4F65F47C14F7337800CBEDE3 = {
			isa = PBXGroup;
			children = (
				4F65F4AC14F733C400CBEDE3 /* UIKit-Components */,
				4F65F49114F7337800CBEDE3 /* UIKit-Blocks */,
				4F65F48A14F7337800CBEDE3 /* Frameworks */,
				4F65F48814F7337800CBEDE3 /* Products */,
			);
			sourceTree = "<group>";
		};
		4F65F48814F7337800CBEDE3 /* Products */ = {
			isa = PBXGroup;
			children = (
				4F65F48714F7337800CBEDE3 /* UIKit-Blocks.app */,
			);
			name = Products;
			sourceTree = "<group>";
		};
		4F65F48A14F7337800CBEDE3 /* Frameworks */ = {
			isa = PBXGroup;
			children = (
				4F65F48B14F7337800CBEDE3 /* UIKit.framework */,
				4F65F48D14F7337800CBEDE3 /* Foundation.framework */,
				4F65F48F14F7337800CBEDE3 /* CoreGraphics.framework */,
			);
			name = Frameworks;
			sourceTree = "<group>";
		};
		4F65F49114F7337800CBEDE3 /* UIKit-Blocks */ = {
			isa = PBXGroup;
			children = (
				4F65F49A14F7337800CBEDE3 /* OCAppDelegate.h */,
				4F65F49B14F7337800CBEDE3 /* OCAppDelegate.m */,
				4F65F49D14F7337800CBEDE3 /* OCViewController.h */,
				4F65F49E14F7337800CBEDE3 /* OCViewController.m */,
				4F65F4A014F7337800CBEDE3 /* OCViewController.xib */,
				4F65F49214F7337800CBEDE3 /* Supporting Files */,
			);
			path = "UIKit-Blocks";
			sourceTree = "<group>";
		};
		4F65F49214F7337800CBEDE3 /* Supporting Files */ = {
			isa = PBXGroup;
			children = (
				4F65F49314F7337800CBEDE3 /* UIKit-Blocks-Info.plist */,
				4F65F49414F7337800CBEDE3 /* InfoPlist.strings */,
				4F65F49714F7337800CBEDE3 /* main.m */,
				4F65F49914F7337800CBEDE3 /* UIKit-Blocks-Prefix.pch */,
			);
			name = "Supporting Files";
			sourceTree = "<group>";
		};
		4F65F4AC14F733C400CBEDE3 /* UIKit-Components */ = {
			isa = PBXGroup;
			children = (
				4F65F4AD14F733C400CBEDE3 /* OCActionSheet.h */,
				4F65F4AE14F733C400CBEDE3 /* OCActionSheet.m */,
				4F65F4AF14F733C400CBEDE3 /* OCAlertView.h */,
				4F65F4B014F733C400CBEDE3 /* OCAlertView.m */,
				4F65F4B114F733C400CBEDE3 /* OCBarButtonItem.h */,
				4F65F4B214F733C400CBEDE3 /* OCBarButtonItem.m */,
			);
			name = "UIKit-Components";
			path = "../UIKit-Components";
			sourceTree = "<group>";
		};
/* End PBXGroup section */

/* Begin PBXNativeTarget section */
		4F65F48614F7337800CBEDE3 /* UIKit-Blocks */ = {
			isa = PBXNativeTarget;
			buildConfigurationList = 4F65F4A514F7337800CBEDE3 /* Build configuration list for PBXNativeTarget "UIKit-Blocks" */;
			buildPhases = (
				4F65F48314F7337800CBEDE3 /* Sources */,
				4F65F48414F7337800CBEDE3 /* Frameworks */,
				4F65F48514F7337800CBEDE3 /* Resources */,
			);
			buildRules = (
			);
			dependencies = (
			);
			name = "UIKit-Blocks";
			productName = "UIKit-Blocks";
			productReference = 4F65F48714F7337800CBEDE3 /* UIKit-Blocks.app */;
			productType = "com.apple.product-type.application";
		};
/* End PBXNativeTarget section */

/* Begin PBXProject section */
		4F65F47E14F7337800CBEDE3 /* Project object */ = {
			isa = PBXProject;
			attributes = {
				CLASSPREFIX = OC;
				LastUpgradeCheck = 0430;
				ORGANIZATIONNAME = "Kenobi Studios";
			};
			buildConfigurationList = 4F65F48114F7337800CBEDE3 /* Build configuration list for PBXProject "UIKit-Blocks" */;
			compatibilityVersion = "Xcode 3.2";
			developmentRegion = English;
			hasScannedForEncodings = 0;
			knownRegions = (
				en,
			);
			mainGroup = 4F65F47C14F7337800CBEDE3;
			productRefGroup = 4F65F48814F7337800CBEDE3 /* Products */;
			projectDirPath = "";
			projectRoot = "";
			targets = (
				4F65F48614F7337800CBEDE3 /* UIKit-Blocks */,
			);
		};
/* End PBXProject section */

/* Begin PBXResourcesBuildPhase section */
		4F65F48514F7337800CBEDE3 /* Resources */ = {
			isa = PBXResourcesBuildPhase;
			buildActionMask = 2147483647;
			files = (
				4F65F49614F7337800CBEDE3 /* InfoPlist.strings in Resources */,
				4F65F4A214F7337800CBEDE3 /* OCViewController.xib in Resources */,
			);
			runOnlyForDeploymentPostprocessing = 0;
		};
/* End PBXResourcesBuildPhase section */

/* Begin PBXSourcesBuildPhase section */
		4F65F48314F7337800CBEDE3 /* Sources */ = {
			isa = PBXSourcesBuildPhase;
			buildActionMask = 2147483647;
			files = (
				4F65F49814F7337800CBEDE3 /* main.m in Sources */,
				4F65F49C14F7337800CBEDE3 /* OCAppDelegate.m in Sources */,
				4F65F49F14F7337800CBEDE3 /* OCViewController.m in Sources */,
				4F65F4B314F733C400CBEDE3 /* OCActionSheet.m in Sources */,
				4F65F4B414F733C400CBEDE3 /* OCAlertView.m in Sources */,
				4F65F4B514F733C400CBEDE3 /* OCBarButtonItem.m in Sources */,
			);
			runOnlyForDeploymentPostprocessing = 0;
		};
/* End PBXSourcesBuildPhase section */

/* Begin PBXVariantGroup section */
		4F65F49414F7337800CBEDE3 /* InfoPlist.strings */ = {
			isa = PBXVariantGroup;
			children = (
				4F65F49514F7337800CBEDE3 /* en */,
			);
			name = InfoPlist.strings;
			sourceTree = "<group>";
		};
		4F65F4A014F7337800CBEDE3 /* OCViewController.xib */ = {
			isa = PBXVariantGroup;
			children = (
				4F65F4A114F7337800CBEDE3 /* en */,
			);
			name = OCViewController.xib;
			sourceTree = "<group>";
		};
/* End PBXVariantGroup section */

/* Begin XCBuildConfiguration section */
		4F65F4A314F7337800CBEDE3 /* Debug */ = {
			isa = XCBuildConfiguration;
			buildSettings = {
				ALWAYS_SEARCH_USER_PATHS = NO;
				ARCHS = "$(ARCHS_STANDARD_32_BIT)";
				CLANG_ENABLE_OBJC_ARC = YES;
				"CODE_SIGN_IDENTITY[sdk=iphoneos*]" = "iPhone Developer";
				COPY_PHASE_STRIP = NO;
				GCC_C_LANGUAGE_STANDARD = gnu99;
				GCC_DYNAMIC_NO_PIC = NO;
				GCC_OPTIMIZATION_LEVEL = 0;
				GCC_PREPROCESSOR_DEFINITIONS = (
					"DEBUG=1",
					"$(inherited)",
				);
				GCC_SYMBOLS_PRIVATE_EXTERN = NO;
				GCC_VERSION = com.apple.compilers.llvm.clang.1_0;
				GCC_WARN_ABOUT_RETURN_TYPE = YES;
				GCC_WARN_UNINITIALIZED_AUTOS = YES;
				GCC_WARN_UNUSED_VARIABLE = YES;
				IPHONEOS_DEPLOYMENT_TARGET = 5.0;
				SDKROOT = iphoneos;
			};
			name = Debug;
		};
		4F65F4A414F7337800CBEDE3 /* Release */ = {
			isa = XCBuildConfiguration;
			buildSettings = {
				ALWAYS_SEARCH_USER_PATHS = NO;
				ARCHS = "$(ARCHS_STANDARD_32_BIT)";
				CLANG_ENABLE_OBJC_ARC = YES;
				"CODE_SIGN_IDENTITY[sdk=iphoneos*]" = "iPhone Developer";
				COPY_PHASE_STRIP = YES;
				GCC_C_LANGUAGE_STANDARD = gnu99;
				GCC_VERSION = com.apple.compilers.llvm.clang.1_0;
				GCC_WARN_ABOUT_RETURN_TYPE = YES;
				GCC_WARN_UNINITIALIZED_AUTOS = YES;
				GCC_WARN_UNUSED_VARIABLE = YES;
				IPHONEOS_DEPLOYMENT_TARGET = 5.0;
				OTHER_CFLAGS = "-DNS_BLOCK_ASSERTIONS=1";
				SDKROOT = iphoneos;
				VALIDATE_PRODUCT = YES;
			};
			name = Release;
		};
		4F65F4A614F7337800CBEDE3 /* Debug */ = {
			isa = XCBuildConfiguration;
			buildSettings = {
				GCC_PRECOMPILE_PREFIX_HEADER = YES;
				GCC_PREFIX_HEADER = "UIKit-Blocks/UIKit-Blocks-Prefix.pch";
				INFOPLIST_FILE = "UIKit-Blocks/UIKit-Blocks-Info.plist";
				PRODUCT_NAME = "$(TARGET_NAME)";
				WRAPPER_EXTENSION = app;
			};
			name = Debug;
		};
		4F65F4A714F7337800CBEDE3 /* Release */ = {
			isa = XCBuildConfiguration;
			buildSettings = {
				GCC_PRECOMPILE_PREFIX_HEADER = YES;
				GCC_PREFIX_HEADER = "UIKit-Blocks/UIKit-Blocks-Prefix.pch";
				INFOPLIST_FILE = "UIKit-Blocks/UIKit-Blocks-Info.plist";
				PRODUCT_NAME = "$(TARGET_NAME)";
				WRAPPER_EXTENSION = app;
			};
			name = Release;
		};
/* End XCBuildConfiguration section */

/* Begin XCConfigurationList section */
		4F65F48114F7337800CBEDE3 /* Build configuration list for PBXProject "UIKit-Blocks" */ = {
			isa = XCConfigurationList;
			buildConfigurations = (
				4F65F4A314F7337800CBEDE3 /* Debug */,
				4F65F4A414F7337800CBEDE3 /* Release */,
			);
			defaultConfigurationIsVisible = 0;
			defaultConfigurationName = Release;
		};
		4F65F4A514F7337800CBEDE3 /* Build configuration list for PBXNativeTarget "UIKit-Blocks" */ = {
			isa = XCConfigurationList;
			buildConfigurations = (
				4F65F4A614F7337800CBEDE3 /* Debug */,
				4F65F4A714F7337800CBEDE3 /* Release */,
			);
			defaultConfigurationIsVisible = 0;
			defaultConfigurationName = Release;
		};
/* End XCConfigurationList section */
	};
	rootObject = 4F65F47E14F7337800CBEDE3 /* Project object */;
}
